
Microsoft Visual Studio Solution File, Format Version 12.00
# Visual Studio Version 17
VisualStudioVersion = 17.9.34728.123
MinimumVisualStudioVersion = 10.0.40219.1
Project("{FAE04EC0-301F-11D3-BF4B-00C04F79EFBC}") = "GenericLIFO(stack)", "GenericLIFO(stack).csproj", "{0193F409-D2EA-453A-8C8B-69B966A8AA8F}"
EndProject
Global
	GlobalSection(SolutionConfigurationPlatforms) = preSolution
		Debug|Any CPU = Debug|Any CPU
		Release|Any CPU = Release|Any CPU
	EndGlobalSection
	GlobalSection(ProjectConfigurationPlatforms) = postSolution
		{0193F409-D2EA-453A-8C8B-69B966A8AA8F}.Debug|Any CPU.ActiveCfg = Debug|Any CPU
		{0193F409-D2EA-453A-8C8B-69B966A8AA8F}.Debug|Any CPU.Build.0 = Debug|Any CPU
		{0193F409-D2EA-453A-8C8B-69B966A8AA8F}.Release|Any CPU.ActiveCfg = Release|Any CPU
		{0193F409-D2EA-453A-8C8B-69B966A8AA8F}.Release|Any CPU.Build.0 = Release|Any CPU
	EndGlobalSection
	GlobalSection(SolutionProperties) = preSolution
		HideSolutionNode = FALSE
	EndGlobalSection
	GlobalSection(ExtensibilityGlobals) = postSolution
		SolutionGuid = {D60093F1-D45D-4376-A935-5AC88A3BBABE}
	EndGlobalSection
EndGlobal
